<?xml version="1.0" encoding="utf-8"?>
<Project ToolsVersion="4.0" xmlns="http://schemas.microsoft.com/developer/msbuild/2003">
  <ItemGroup>
    <Filter Include="Source Files">
      <UniqueIdentifier>{4FC737F1-C7A5-4376-A066-2A32D752A2FF}</UniqueIdentifier>
      <Extensions>cpp;c;cc;cxx;c++;def;odl;idl;hpj;bat;asm;asmx</Extensions>
    </Filter>
    <Filter Include="Header Files">
      <UniqueIdentifier>{93995380-89BD-4b04-88EB-625FBE52EBFB}</UniqueIdentifier>
      <Extensions>h;hh;hpp;hxx;h++;hm;inl;inc;ipp;xsd</Extensions>
    </Filter>
    <Filter Include="Resources">
      <UniqueIdentifier>{9C680EF7-A004-47B8-9CDA-6BCFC312DBCB}</UniqueIdentifier>
      <Extensions>rc</Extensions>
    </Filter>
  </ItemGroup>
  <ItemGroup>
    <ClCompile Include="..\src\nvBrightness.cpp">
      <Filter>Source Files</Filter>
    </ClCompile>
  </ItemGroup>
  <ItemGroup>
    <ClInclude Include="..\src\tray.h">
      <Filter>Header Files</Filter>
    </ClInclude>
    <ClInclude Include="..\src\nvapi.h">
      <Filter>Header Files</Filter>
    </ClInclude>
    <ClInclude Include="..\src\registry.h">
      <Filter>Header Files</Filter>
    </ClInclude>
    <ClInclude Include="..\src\DarkTaskDialog.hpp">
      <Filter>Header Files</Filter>
    </ClInclude>
  </ItemGroup>
  <ItemGroup>
    <Manifest Include="..\src\nvBrightness.manifest">
      <Filter>Resources</Filter>
    </Manifest>
  </ItemGroup>
  <ItemGroup>
    <ResourceCompile Include="..\src\nvBrightness.rc">
      <Filter>Resources</Filter>
    </ResourceCompile>
  </ItemGroup>
  <ItemGroup>
    <Image Include="..\icons\00.ico">
      <Filter>Resources</Filter>
    </Image>
    <Image Include="..\icons\05.ico">
      <Filter>Resources</Filter>
    </Image>
    <Image Include="..\icons\10.ico">
      <Filter>Resources</Filter>
    </Image>
    <Image Include="..\icons\15.ico">
      <Filter>Resources</Filter>
    </Image>
    <Image Include="..\icons\20.ico">
      <Filter>Resources</Filter>
    </Image>
    <Image Include="..\icons\25.ico">
      <Filter>Resources</Filter>
    </Image>
    <Image Include="..\icons\30.ico">
      <Filter>Resources</Filter>
    </Image>
    <Image Include="..\icons\35.ico">
      <Filter>Resources</Filter>
    </Image>
    <Image Include="..\icons\40.ico">
      <Filter>Resources</Filter>
    </Image>
    <Image Include="..\icons\45.ico">
      <Filter>Resources</Filter>
    </Image>
    <Image Include="..\icons\50.ico">
      <Filter>Resources</Filter>
    </Image>
    <Image Include="..\icons\55.ico">
      <Filter>Resources</Filter>
    </Image>
    <Image Include="..\icons\60.ico">
      <Filter>Resources</Filter>
    </Image>
    <Image Include="..\icons\65.ico">
      <Filter>Resources</Filter>
    </Image>
    <Image Include="..\icons\70.ico">
      <Filter>Resources</Filter>
    </Image>
    <Image Include="..\icons\75.ico">
      <Filter>Resources</Filter>
    </Image>
    <Image Include="..\icons\80.ico">
      <Filter>Resources</Filter>
    </Image>
    <Image Include="..\icons\85.ico">
      <Filter>Resources</Filter>
    </Image>
    <Image Include="..\icons\90.ico">
      <Filter>Resources</Filter>
    </Image>
    <Image Include="..\icons\95.ico">
      <Filter>Resources</Filter>
    </Image>
    <Image Include="..\icons\100.ico">
      <Filter>Resources</Filter>
    </Image>
  </ItemGroup>
</Project>